
Microsoft Visual Studio Solution File, Format Version 12.00
# Visual Studio Version 16
VisualStudioVersion = 16.0.31424.327
MinimumVisualStudioVersion = 10.0.40219.1
Project("{FAE04EC0-301F-11D3-BF4B-00C04F79EFBC}") = "JamilaBookStore", "JamilaBookStore\JamilaBookStore.csproj", "{413AE8C1-93E9-4819-A1AD-CA953268A3CE}"
EndProject
Global
	GlobalSection(SolutionConfigurationPlatforms) = preSolution
		Debug|Any CPU = Debug|Any CPU
		Release|Any CPU = Release|Any CPU
	EndGlobalSection
	GlobalSection(ProjectConfigurationPlatforms) = postSolution
		{413AE8C1-93E9-4819-A1AD-CA953268A3CE}.Debug|Any CPU.ActiveCfg = Debug|Any CPU
		{413AE8C1-93E9-4819-A1AD-CA953268A3CE}.Debug|Any CPU.Build.0 = Debug|Any CPU
		{413AE8C1-93E9-4819-A1AD-CA953268A3CE}.Release|Any CPU.ActiveCfg = Release|Any CPU
		{413AE8C1-93E9-4819-A1AD-CA953268A3CE}.Release|Any CPU.Build.0 = Release|Any CPU
	EndGlobalSection
	GlobalSection(SolutionProperties) = preSolution
		HideSolutionNode = FALSE
	EndGlobalSection
	GlobalSection(ExtensibilityGlobals) = postSolution
		SolutionGuid = {17014409-6531-4459-8E87-B24F2FF6DACB}
	EndGlobalSection
EndGlobal
